
Microsoft Visual Studio Solution File, Format Version 12.00
# Visual Studio 15
VisualStudioVersion = 15.0.28307.852
MinimumVisualStudioVersion = 10.0.40219.1
Project("{9A19103F-16F7-4668-BE54-9A1E7A4F7556}") = "CopaFimes", "CopaFimes\CopaFimes.csproj", "{3BFE883D-6C3D-409F-AE6E-24E128711360}"
EndProject
Project("{FAE04EC0-301F-11D3-BF4B-00C04F79EFBC}") = "CopaFilmeTests", "CopaFilmeTests\CopaFilmeTests.csproj", "{D8633C9F-AB35-4063-8C71-73B0265B8A70}"
EndProject
Global
	GlobalSection(SolutionConfigurationPlatforms) = preSolution
		Debug|Any CPU = Debug|Any CPU
		Release|Any CPU = Release|Any CPU
	EndGlobalSection
	GlobalSection(ProjectConfigurationPlatforms) = postSolution
		{3BFE883D-6C3D-409F-AE6E-24E128711360}.Debug|Any CPU.ActiveCfg = Debug|Any CPU
		{3BFE883D-6C3D-409F-AE6E-24E128711360}.Debug|Any CPU.Build.0 = Debug|Any CPU
		{3BFE883D-6C3D-409F-AE6E-24E128711360}.Release|Any CPU.ActiveCfg = Release|Any CPU
		{3BFE883D-6C3D-409F-AE6E-24E128711360}.Release|Any CPU.Build.0 = Release|Any CPU
		{D8633C9F-AB35-4063-8C71-73B0265B8A70}.Debug|Any CPU.ActiveCfg = Debug|Any CPU
		{D8633C9F-AB35-4063-8C71-73B0265B8A70}.Debug|Any CPU.Build.0 = Debug|Any CPU
		{D8633C9F-AB35-4063-8C71-73B0265B8A70}.Release|Any CPU.ActiveCfg = Release|Any CPU
		{D8633C9F-AB35-4063-8C71-73B0265B8A70}.Release|Any CPU.Build.0 = Release|Any CPU
	EndGlobalSection
	GlobalSection(SolutionProperties) = preSolution
		HideSolutionNode = FALSE
	EndGlobalSection
	GlobalSection(ExtensibilityGlobals) = postSolution
		SolutionGuid = {A2448467-D472-4EC7-A8DB-0216D9931A76}
	EndGlobalSection
EndGlobal
